
Microsoft Visual Studio Solution File, Format Version 12.00
# Visual Studio Version 17
VisualStudioVersion = 17.4.33122.133
MinimumVisualStudioVersion = 10.0.40219.1
Project("{FAE04EC0-301F-11D3-BF4B-00C04F79EFBC}") = "Car Racing Game", "Car Racing Game.csproj", "{F5715B24-06AC-4907-ADFD-0B2B2CD24E63}"
EndProject
Global
	GlobalSection(SolutionConfigurationPlatforms) = preSolution
		Debug|Any CPU = Debug|Any CPU
		Release|Any CPU = Release|Any CPU
	EndGlobalSection
	GlobalSection(ProjectConfigurationPlatforms) = postSolution
		{F5715B24-06AC-4907-ADFD-0B2B2CD24E63}.Debug|Any CPU.ActiveCfg = Debug|Any CPU
		{F5715B24-06AC-4907-ADFD-0B2B2CD24E63}.Debug|Any CPU.Build.0 = Debug|Any CPU
		{F5715B24-06AC-4907-ADFD-0B2B2CD24E63}.Release|Any CPU.ActiveCfg = Release|Any CPU
		{F5715B24-06AC-4907-ADFD-0B2B2CD24E63}.Release|Any CPU.Build.0 = Release|Any CPU
	EndGlobalSection
	GlobalSection(SolutionProperties) = preSolution
		HideSolutionNode = FALSE
	EndGlobalSection
	GlobalSection(ExtensibilityGlobals) = postSolution
		SolutionGuid = {1F9E3A39-CE42-427C-A091-18EBDD2CFA11}
	EndGlobalSection
EndGlobal
